// !$*UTF8*$!
{
	archiveVersion = 1;
	classes = {
	};
	objectVersion = 46;
	objects = {

/* Begin PBXBuildFile section */
		02565CF51E28476E004F10A5 /* PlayerViewController.swift in Sources */ = {isa = PBXBuildFile; fileRef = 02565CF41E28476E004F10A5 /* PlayerViewController.swift */; };
		4C0E83641E283B740082DFD3 /* ArcadeFire-WeUsedToWait.m4a in Resources */ = {isa = PBXBuildFile; fileRef = 4C0E83631E283B740082DFD3 /* ArcadeFire-WeUsedToWait.m4a */; };
		4C0E83671E283BBD0082DFD3 /* BrandNew-NobodyMoves.mp3 in Resources */ = {isa = PBXBuildFile; fileRef = 4C0E83661E283BBD0082DFD3 /* BrandNew-NobodyMoves.mp3 */; };
		4C0E83691E283BEB0082DFD3 /* DeathCabForCutie-TitleAndRegistration.m4a in Resources */ = {isa = PBXBuildFile; fileRef = 4C0E83681E283BEB0082DFD3 /* DeathCabForCutie-TitleAndRegistration.m4a */; };
		4C0E836B1E283C040082DFD3 /* CoconutRecords-WestCoast.m4a in Resources */ = {isa = PBXBuildFile; fileRef = 4C0E836A1E283C040082DFD3 /* CoconutRecords-WestCoast.m4a */; };
		4C0E836D1E283C130082DFD3 /* EmpireOfTheSun-WalkingOnADream.m4a in Resources */ = {isa = PBXBuildFile; fileRef = 4C0E836C1E283C130082DFD3 /* EmpireOfTheSun-WalkingOnADream.m4a */; };
		4C0E836F1E283C1D0082DFD3 /* FleetFoxes-BatteryKinzie.m4a in Resources */ = {isa = PBXBuildFile; fileRef = 4C0E836E1E283C1D0082DFD3 /* FleetFoxes-BatteryKinzie.m4a */; };
		4C0E83711E283C260082DFD3 /* GeorgeBarnett-AnimalKeeper.m4a in Resources */ = {isa = PBXBuildFile; fileRef = 4C0E83701E283C260082DFD3 /* GeorgeBarnett-AnimalKeeper.m4a */; };
		4C0E83731E283C2F0082DFD3 /* HuskyRescue-NewLightOfTomorrow.m4a in Resources */ = {isa = PBXBuildFile; fileRef = 4C0E83721E283C2F0082DFD3 /* HuskyRescue-NewLightOfTomorrow.m4a */; };
		4C0E83751E283C370082DFD3 /* ImagineDragons-Radioactive.m4a in Resources */ = {isa = PBXBuildFile; fileRef = 4C0E83741E283C370082DFD3 /* ImagineDragons-Radioactive.m4a */; };
		4C0E83771E283C430082DFD3 /* JeffersonAirplane-WhiteRabbit.m4a in Resources */ = {isa = PBXBuildFile; fileRef = 4C0E83761E283C430082DFD3 /* JeffersonAirplane-WhiteRabbit.m4a */; };
		4C0E83791E283C4F0082DFD3 /* LedZeppelin-DazedAndConfused.m4a in Resources */ = {isa = PBXBuildFile; fileRef = 4C0E83781E283C4F0082DFD3 /* LedZeppelin-DazedAndConfused.m4a */; };
		4C0E837B1E283C560082DFD3 /* M83-MidnightCity.m4a in Resources */ = {isa = PBXBuildFile; fileRef = 4C0E837A1E283C560082DFD3 /* M83-MidnightCity.m4a */; };
		4C0E837D1E283C640082DFD3 /* NineInchNails-Ruiner.m4a in Resources */ = {isa = PBXBuildFile; fileRef = 4C0E837C1E283C640082DFD3 /* NineInchNails-Ruiner.m4a */; };
		4C0E837F1E283C6D0082DFD3 /* OfMonstersAndMen-LittleTalks.m4a in Resources */ = {isa = PBXBuildFile; fileRef = 4C0E837E1E283C6D0082DFD3 /* OfMonstersAndMen-LittleTalks.m4a */; };
		4C0E83811E283C800082DFD3 /* Pendulum-PropaneNightmares.m4a in Resources */ = {isa = PBXBuildFile; fileRef = 4C0E83801E283C800082DFD3 /* Pendulum-PropaneNightmares.m4a */; };
		4C0E83831E283C8A0082DFD3 /* RyanLevine-ThroughTheTrees.m4a in Resources */ = {isa = PBXBuildFile; fileRef = 4C0E83821E283C8A0082DFD3 /* RyanLevine-ThroughTheTrees.m4a */; };
		4C0E83851E283C920082DFD3 /* SnowPatrol-ThisIsntEverythingYouAre.m4a in Resources */ = {isa = PBXBuildFile; fileRef = 4C0E83841E283C920082DFD3 /* SnowPatrol-ThisIsntEverythingYouAre.m4a */; };
		4C0E83871E283C9A0082DFD3 /* TakingBackSunday-YouAreSoLastSummer.m4a in Resources */ = {isa = PBXBuildFile; fileRef = 4C0E83861E283C9A0082DFD3 /* TakingBackSunday-YouAreSoLastSummer.m4a */; };
		4C0E83891E283CB40082DFD3 /* VitaminStringQuartet-HeySoulSister.m4a in Resources */ = {isa = PBXBuildFile; fileRef = 4C0E83881E283CB40082DFD3 /* VitaminStringQuartet-HeySoulSister.m4a */; };
		4C0E838B1E283CBD0082DFD3 /* WalkTheMoon-AnnaSun.m4a in Resources */ = {isa = PBXBuildFile; fileRef = 4C0E838A1E283CBD0082DFD3 /* WalkTheMoon-AnnaSun.m4a */; };
		4C0E838D1E283CC60082DFD3 /* YeahYeahYeahs-Phenomena.m4a in Resources */ = {isa = PBXBuildFile; fileRef = 4C0E838C1E283CC60082DFD3 /* YeahYeahYeahs-Phenomena.m4a */; };
		4C597F601E300A1C0014AF96 /* AudioManager.swift in Sources */ = {isa = PBXBuildFile; fileRef = 4C597F5F1E300A1C0014AF96 /* AudioManager.swift */; };
		4C70D3931E0482B000683F4F /* AppDelegate.swift in Sources */ = {isa = PBXBuildFile; fileRef = 4C70D3921E0482B000683F4F /* AppDelegate.swift */; };
		4C70D3951E0482B000683F4F /* ViewController.swift in Sources */ = {isa = PBXBuildFile; fileRef = 4C70D3941E0482B000683F4F /* ViewController.swift */; };
		4C70D3981E0482B000683F4F /* Main.storyboard in Resources */ = {isa = PBXBuildFile; fileRef = 4C70D3961E0482B000683F4F /* Main.storyboard */; };
		4C70D39B1E0482B000683F4F /* AudioPlayer.xcdatamodeld in Sources */ = {isa = PBXBuildFile; fileRef = 4C70D3991E0482B000683F4F /* AudioPlayer.xcdatamodeld */; };
		4C70D39D1E0482B000683F4F /* Assets.xcassets in Resources */ = {isa = PBXBuildFile; fileRef = 4C70D39C1E0482B000683F4F /* Assets.xcassets */; };
		4C70D3A01E0482B000683F4F /* LaunchScreen.storyboard in Resources */ = {isa = PBXBuildFile; fileRef = 4C70D39E1E0482B000683F4F /* LaunchScreen.storyboard */; };
		4C70D3AB1E0482B100683F4F /* AudioPlayerTests.swift in Sources */ = {isa = PBXBuildFile; fileRef = 4C70D3AA1E0482B100683F4F /* AudioPlayerTests.swift */; };
		4C70D3B61E0482B100683F4F /* AudioPlayerUITests.swift in Sources */ = {isa = PBXBuildFile; fileRef = 4C70D3B51E0482B100683F4F /* AudioPlayerUITests.swift */; };
		4C70D3C61E048D9D00683F4F /* SearchViewController.swift in Sources */ = {isa = PBXBuildFile; fileRef = 4C70D3C51E048D9D00683F4F /* SearchViewController.swift */; };
		4C70D3C81E048DC800683F4F /* LibraryViewController.swift in Sources */ = {isa = PBXBuildFile; fileRef = 4C70D3C71E048DC800683F4F /* LibraryViewController.swift */; };
		4C70D3CA1E048DD200683F4F /* ActivityViewController.swift in Sources */ = {isa = PBXBuildFile; fileRef = 4C70D3C91E048DD200683F4F /* ActivityViewController.swift */; };
		4C70D3CE1E048E0900683F4F /* Song.swift in Sources */ = {isa = PBXBuildFile; fileRef = 4C70D3CD1E048E0900683F4F /* Song.swift */; };
		4C70D3D01E048E2A00683F4F /* ActivityItem.swift in Sources */ = {isa = PBXBuildFile; fileRef = 4C70D3CF1E048E2A00683F4F /* ActivityItem.swift */; };
		4C70D3D31E048EA500683F4F /* SearchBarView.swift in Sources */ = {isa = PBXBuildFile; fileRef = 4C70D3D21E048EA500683F4F /* SearchBarView.swift */; };
		4C70D3D51E04963700683F4F /* ActivityItemView.swift in Sources */ = {isa = PBXBuildFile; fileRef = 4C70D3D41E04963700683F4F /* ActivityItemView.swift */; };
/* End PBXBuildFile section */

/* Begin PBXContainerItemProxy section */
		4C70D3A71E0482B100683F4F /* PBXContainerItemProxy */ = {
			isa = PBXContainerItemProxy;
			containerPortal = 4C70D3871E0482B000683F4F /* Project object */;
			proxyType = 1;
			remoteGlobalIDString = 4C70D38E1E0482B000683F4F;
			remoteInfo = AudioPlayer;
		};
		4C70D3B21E0482B100683F4F /* PBXContainerItemProxy */ = {
			isa = PBXContainerItemProxy;
			containerPortal = 4C70D3871E0482B000683F4F /* Project object */;
			proxyType = 1;
			remoteGlobalIDString = 4C70D38E1E0482B000683F4F;
			remoteInfo = AudioPlayer;
		};
/* End PBXContainerItemProxy section */

/* Begin PBXFileReference section */
		02565CF41E28476E004F10A5 /* PlayerViewController.swift */ = {isa = PBXFileReference; fileEncoding = 4; lastKnownFileType = sourcecode.swift; path = PlayerViewController.swift; sourceTree = "<group>"; };
		4C0E83631E283B740082DFD3 /* ArcadeFire-WeUsedToWait.m4a */ = {isa = PBXFileReference; lastKnownFileType = file; path = "ArcadeFire-WeUsedToWait.m4a"; sourceTree = "<group>"; };
		4C0E83661E283BBD0082DFD3 /* BrandNew-NobodyMoves.mp3 */ = {isa = PBXFileReference; lastKnownFileType = audio.mp3; path = "BrandNew-NobodyMoves.mp3"; sourceTree = "<group>"; };
		4C0E83681E283BEB0082DFD3 /* DeathCabForCutie-TitleAndRegistration.m4a */ = {isa = PBXFileReference; lastKnownFileType = file; path = "DeathCabForCutie-TitleAndRegistration.m4a"; sourceTree = "<group>"; };
		4C0E836A1E283C040082DFD3 /* CoconutRecords-WestCoast.m4a */ = {isa = PBXFileReference; lastKnownFileType = file; path = "CoconutRecords-WestCoast.m4a"; sourceTree = "<group>"; };
		4C0E836C1E283C130082DFD3 /* EmpireOfTheSun-WalkingOnADream.m4a */ = {isa = PBXFileReference; lastKnownFileType = file; path = "EmpireOfTheSun-WalkingOnADream.m4a"; sourceTree = "<group>"; };
		4C0E836E1E283C1D0082DFD3 /* FleetFoxes-BatteryKinzie.m4a */ = {isa = PBXFileReference; lastKnownFileType = file; path = "FleetFoxes-BatteryKinzie.m4a"; sourceTree = "<group>"; };
		4C0E83701E283C260082DFD3 /* GeorgeBarnett-AnimalKeeper.m4a */ = {isa = PBXFileReference; lastKnownFileType = file; path = "GeorgeBarnett-AnimalKeeper.m4a"; sourceTree = "<group>"; };
		4C0E83721E283C2F0082DFD3 /* HuskyRescue-NewLightOfTomorrow.m4a */ = {isa = PBXFileReference; lastKnownFileType = file; path = "HuskyRescue-NewLightOfTomorrow.m4a"; sourceTree = "<group>"; };
		4C0E83741E283C370082DFD3 /* ImagineDragons-Radioactive.m4a */ = {isa = PBXFileReference; lastKnownFileType = file; path = "ImagineDragons-Radioactive.m4a"; sourceTree = "<group>"; };
		4C0E83761E283C430082DFD3 /* JeffersonAirplane-WhiteRabbit.m4a */ = {isa = PBXFileReference; lastKnownFileType = file; path = "JeffersonAirplane-WhiteRabbit.m4a"; sourceTree = "<group>"; };
		4C0E83781E283C4F0082DFD3 /* LedZeppelin-DazedAndConfused.m4a */ = {isa = PBXFileReference; lastKnownFileType = file; path = "LedZeppelin-DazedAndConfused.m4a"; sourceTree = "<group>"; };
		4C0E837A1E283C560082DFD3 /* M83-MidnightCity.m4a */ = {isa = PBXFileReference; lastKnownFileType = file; path = "M83-MidnightCity.m4a"; sourceTree = "<group>"; };
		4C0E837C1E283C640082DFD3 /* NineInchNails-Ruiner.m4a */ = {isa = PBXFileReference; lastKnownFileType = file; path = "NineInchNails-Ruiner.m4a"; sourceTree = "<group>"; };
		4C0E837E1E283C6D0082DFD3 /* OfMonstersAndMen-LittleTalks.m4a */ = {isa = PBXFileReference; lastKnownFileType = file; path = "OfMonstersAndMen-LittleTalks.m4a"; sourceTree = "<group>"; };
		4C0E83801E283C800082DFD3 /* Pendulum-PropaneNightmares.m4a */ = {isa = PBXFileReference; lastKnownFileType = file; path = "Pendulum-PropaneNightmares.m4a"; sourceTree = "<group>"; };
		4C0E83821E283C8A0082DFD3 /* RyanLevine-ThroughTheTrees.m4a */ = {isa = PBXFileReference; lastKnownFileType = file; path = "RyanLevine-ThroughTheTrees.m4a"; sourceTree = "<group>"; };
		4C0E83841E283C920082DFD3 /* SnowPatrol-ThisIsntEverythingYouAre.m4a */ = {isa = PBXFileReference; lastKnownFileType = file; path = "SnowPatrol-ThisIsntEverythingYouAre.m4a"; sourceTree = "<group>"; };
		4C0E83861E283C9A0082DFD3 /* TakingBackSunday-YouAreSoLastSummer.m4a */ = {isa = PBXFileReference; lastKnownFileType = file; path = "TakingBackSunday-YouAreSoLastSummer.m4a"; sourceTree = "<group>"; };
		4C0E83881E283CB40082DFD3 /* VitaminStringQuartet-HeySoulSister.m4a */ = {isa = PBXFileReference; lastKnownFileType = file; path = "VitaminStringQuartet-HeySoulSister.m4a"; sourceTree = "<group>"; };
		4C0E838A1E283CBD0082DFD3 /* WalkTheMoon-AnnaSun.m4a */ = {isa = PBXFileReference; lastKnownFileType = file; path = "WalkTheMoon-AnnaSun.m4a"; sourceTree = "<group>"; };
		4C0E838C1E283CC60082DFD3 /* YeahYeahYeahs-Phenomena.m4a */ = {isa = PBXFileReference; lastKnownFileType = file; path = "YeahYeahYeahs-Phenomena.m4a"; sourceTree = "<group>"; };
		4C597F5F1E300A1C0014AF96 /* AudioManager.swift */ = {isa = PBXFileReference; fileEncoding = 4; lastKnownFileType = sourcecode.swift; path = AudioManager.swift; sourceTree = "<group>"; };
		4C70D38F1E0482B000683F4F /* AudioPlayer.app */ = {isa = PBXFileReference; explicitFileType = wrapper.application; includeInIndex = 0; path = AudioPlayer.app; sourceTree = BUILT_PRODUCTS_DIR; };
		4C70D3921E0482B000683F4F /* AppDelegate.swift */ = {isa = PBXFileReference; lastKnownFileType = sourcecode.swift; path = AppDelegate.swift; sourceTree = "<group>"; };
		4C70D3941E0482B000683F4F /* ViewController.swift */ = {isa = PBXFileReference; lastKnownFileType = sourcecode.swift; path = ViewController.swift; sourceTree = "<group>"; };
		4C70D3971E0482B000683F4F /* Base */ = {isa = PBXFileReference; lastKnownFileType = file.storyboard; name = Base; path = Base.lproj/Main.storyboard; sourceTree = "<group>"; };
		4C70D39A1E0482B000683F4F /* AudioPlayer.xcdatamodel */ = {isa = PBXFileReference; lastKnownFileType = wrapper.xcdatamodel; path = AudioPlayer.xcdatamodel; sourceTree = "<group>"; };
		4C70D39C1E0482B000683F4F /* Assets.xcassets */ = {isa = PBXFileReference; lastKnownFileType = folder.assetcatalog; path = Assets.xcassets; sourceTree = "<group>"; };
		4C70D39F1E0482B000683F4F /* Base */ = {isa = PBXFileReference; lastKnownFileType = file.storyboard; name = Base; path = Base.lproj/LaunchScreen.storyboard; sourceTree = "<group>"; };
		4C70D3A11E0482B000683F4F /* Info.plist */ = {isa = PBXFileReference; lastKnownFileType = text.plist.xml; path = Info.plist; sourceTree = "<group>"; };
		4C70D3A61E0482B100683F4F /* AudioPlayerTests.xctest */ = {isa = PBXFileReference; explicitFileType = wrapper.cfbundle; includeInIndex = 0; path = AudioPlayerTests.xctest; sourceTree = BUILT_PRODUCTS_DIR; };
		4C70D3AA1E0482B100683F4F /* AudioPlayerTests.swift */ = {isa = PBXFileReference; lastKnownFileType = sourcecode.swift; path = AudioPlayerTests.swift; sourceTree = "<group>"; };
		4C70D3AC1E0482B100683F4F /* Info.plist */ = {isa = PBXFileReference; lastKnownFileType = text.plist.xml; path = Info.plist; sourceTree = "<group>"; };
		4C70D3B11E0482B100683F4F /* AudioPlayerUITests.xctest */ = {isa = PBXFileReference; explicitFileType = wrapper.cfbundle; includeInIndex = 0; path = AudioPlayerUITests.xctest; sourceTree = BUILT_PRODUCTS_DIR; };
		4C70D3B51E0482B100683F4F /* AudioPlayerUITests.swift */ = {isa = PBXFileReference; lastKnownFileType = sourcecode.swift; path = AudioPlayerUITests.swift; sourceTree = "<group>"; };
		4C70D3B71E0482B100683F4F /* Info.plist */ = {isa = PBXFileReference; lastKnownFileType = text.plist.xml; path = Info.plist; sourceTree = "<group>"; };
		4C70D3C51E048D9D00683F4F /* SearchViewController.swift */ = {isa = PBXFileReference; fileEncoding = 4; lastKnownFileType = sourcecode.swift; path = SearchViewController.swift; sourceTree = "<group>"; };
		4C70D3C71E048DC800683F4F /* LibraryViewController.swift */ = {isa = PBXFileReference; fileEncoding = 4; lastKnownFileType = sourcecode.swift; path = LibraryViewController.swift; sourceTree = "<group>"; };
		4C70D3C91E048DD200683F4F /* ActivityViewController.swift */ = {isa = PBXFileReference; fileEncoding = 4; lastKnownFileType = sourcecode.swift; path = ActivityViewController.swift; sourceTree = "<group>"; };
		4C70D3CD1E048E0900683F4F /* Song.swift */ = {isa = PBXFileReference; fileEncoding = 4; lastKnownFileType = sourcecode.swift; path = Song.swift; sourceTree = "<group>"; };
		4C70D3CF1E048E2A00683F4F /* ActivityItem.swift */ = {isa = PBXFileReference; fileEncoding = 4; lastKnownFileType = sourcecode.swift; path = ActivityItem.swift; sourceTree = "<group>"; };
		4C70D3D21E048EA500683F4F /* SearchBarView.swift */ = {isa = PBXFileReference; fileEncoding = 4; lastKnownFileType = sourcecode.swift; path = SearchBarView.swift; sourceTree = "<group>"; };
		4C70D3D41E04963700683F4F /* ActivityItemView.swift */ = {isa = PBXFileReference; fileEncoding = 4; lastKnownFileType = sourcecode.swift; path = ActivityItemView.swift; sourceTree = "<group>"; };
/* End PBXFileReference section */

/* Begin PBXFrameworksBuildPhase section */
		4C70D38C1E0482B000683F4F /* Frameworks */ = {
			isa = PBXFrameworksBuildPhase;
			buildActionMask = 2147483647;
			files = (
			);
			runOnlyForDeploymentPostprocessing = 0;
		};
		4C70D3A31E0482B100683F4F /* Frameworks */ = {
			isa = PBXFrameworksBuildPhase;
			buildActionMask = 2147483647;
			files = (
			);
			runOnlyForDeploymentPostprocessing = 0;
		};
		4C70D3AE1E0482B100683F4F /* Frameworks */ = {
			isa = PBXFrameworksBuildPhase;
			buildActionMask = 2147483647;
			files = (
			);
			runOnlyForDeploymentPostprocessing = 0;
		};
/* End PBXFrameworksBuildPhase section */

/* Begin PBXGroup section */
		4C0E83651E283B780082DFD3 /* Music */ = {
			isa = PBXGroup;
			children = (
				4C0E838C1E283CC60082DFD3 /* YeahYeahYeahs-Phenomena.m4a */,
				4C0E83881E283CB40082DFD3 /* VitaminStringQuartet-HeySoulSister.m4a */,
				4C0E83801E283C800082DFD3 /* Pendulum-PropaneNightmares.m4a */,
				4C0E83861E283C9A0082DFD3 /* TakingBackSunday-YouAreSoLastSummer.m4a */,
				4C0E83821E283C8A0082DFD3 /* RyanLevine-ThroughTheTrees.m4a */,
				4C0E837C1E283C640082DFD3 /* NineInchNails-Ruiner.m4a */,
				4C0E83841E283C920082DFD3 /* SnowPatrol-ThisIsntEverythingYouAre.m4a */,
				4C0E837E1E283C6D0082DFD3 /* OfMonstersAndMen-LittleTalks.m4a */,
				4C0E838A1E283CBD0082DFD3 /* WalkTheMoon-AnnaSun.m4a */,
				4C0E837A1E283C560082DFD3 /* M83-MidnightCity.m4a */,
				4C0E83781E283C4F0082DFD3 /* LedZeppelin-DazedAndConfused.m4a */,
				4C0E83741E283C370082DFD3 /* ImagineDragons-Radioactive.m4a */,
				4C0E83701E283C260082DFD3 /* GeorgeBarnett-AnimalKeeper.m4a */,
				4C0E83761E283C430082DFD3 /* JeffersonAirplane-WhiteRabbit.m4a */,
				4C0E83721E283C2F0082DFD3 /* HuskyRescue-NewLightOfTomorrow.m4a */,
				4C0E836E1E283C1D0082DFD3 /* FleetFoxes-BatteryKinzie.m4a */,
				4C0E836C1E283C130082DFD3 /* EmpireOfTheSun-WalkingOnADream.m4a */,
				4C0E836A1E283C040082DFD3 /* CoconutRecords-WestCoast.m4a */,
				4C0E83681E283BEB0082DFD3 /* DeathCabForCutie-TitleAndRegistration.m4a */,
				4C0E83631E283B740082DFD3 /* ArcadeFire-WeUsedToWait.m4a */,
				4C0E83661E283BBD0082DFD3 /* BrandNew-NobodyMoves.mp3 */,
			);
			name = Music;
			sourceTree = "<group>";
		};
		4C597F5E1E3009F10014AF96 /* Managers */ = {
			isa = PBXGroup;
			children = (
				4C597F5F1E300A1C0014AF96 /* AudioManager.swift */,
			);
			name = Managers;
			sourceTree = "<group>";
		};
		4C70D3861E0482B000683F4F = {
			isa = PBXGroup;
			children = (
				4C70D3911E0482B000683F4F /* AudioPlayer */,
				4C70D3A91E0482B100683F4F /* AudioPlayerTests */,
				4C70D3B41E0482B100683F4F /* AudioPlayerUITests */,
				4C70D3901E0482B000683F4F /* Products */,
			);
			sourceTree = "<group>";
		};
		4C70D3901E0482B000683F4F /* Products */ = {
			isa = PBXGroup;
			children = (
				4C70D38F1E0482B000683F4F /* AudioPlayer.app */,
				4C70D3A61E0482B100683F4F /* AudioPlayerTests.xctest */,
				4C70D3B11E0482B100683F4F /* AudioPlayerUITests.xctest */,
			);
			name = Products;
			sourceTree = "<group>";
		};
		4C70D3911E0482B000683F4F /* AudioPlayer */ = {
			isa = PBXGroup;
			children = (
				4C597F5E1E3009F10014AF96 /* Managers */,
				4C0E83651E283B780082DFD3 /* Music */,
				4C70D3D11E048E8600683F4F /* Views */,
				4C70D3CC1E048DF500683F4F /* Objects */,
				4C70D3CB1E048DD900683F4F /* ViewControllers */,
				4C70D3921E0482B000683F4F /* AppDelegate.swift */,
				4C70D3941E0482B000683F4F /* ViewController.swift */,
				4C70D3961E0482B000683F4F /* Main.storyboard */,
				4C70D39C1E0482B000683F4F /* Assets.xcassets */,
				4C70D39E1E0482B000683F4F /* LaunchScreen.storyboard */,
				4C70D3A11E0482B000683F4F /* Info.plist */,
				4C70D3991E0482B000683F4F /* AudioPlayer.xcdatamodeld */,
			);
			path = AudioPlayer;
			sourceTree = "<group>";
		};
		4C70D3A91E0482B100683F4F /* AudioPlayerTests */ = {
			isa = PBXGroup;
			children = (
				4C70D3AA1E0482B100683F4F /* AudioPlayerTests.swift */,
				4C70D3AC1E0482B100683F4F /* Info.plist */,
			);
			path = AudioPlayerTests;
			sourceTree = "<group>";
		};
		4C70D3B41E0482B100683F4F /* AudioPlayerUITests */ = {
			isa = PBXGroup;
			children = (
				4C70D3B51E0482B100683F4F /* AudioPlayerUITests.swift */,
				4C70D3B71E0482B100683F4F /* Info.plist */,
			);
			path = AudioPlayerUITests;
			sourceTree = "<group>";
		};
		4C70D3CB1E048DD900683F4F /* ViewControllers */ = {
			isa = PBXGroup;
			children = (
				4C70D3C51E048D9D00683F4F /* SearchViewController.swift */,
				4C70D3C71E048DC800683F4F /* LibraryViewController.swift */,
				4C70D3C91E048DD200683F4F /* ActivityViewController.swift */,
				02565CF41E28476E004F10A5 /* PlayerViewController.swift */,
			);
			name = ViewControllers;
			sourceTree = "<group>";
		};
		4C70D3CC1E048DF500683F4F /* Objects */ = {
			isa = PBXGroup;
			children = (
				4C70D3CD1E048E0900683F4F /* Song.swift */,
				4C70D3CF1E048E2A00683F4F /* ActivityItem.swift */,
			);
			name = Objects;
			sourceTree = "<group>";
		};
		4C70D3D11E048E8600683F4F /* Views */ = {
			isa = PBXGroup;
			children = (
				4C70D3D21E048EA500683F4F /* SearchBarView.swift */,
				4C70D3D41E04963700683F4F /* ActivityItemView.swift */,
			);
			name = Views;
			sourceTree = "<group>";
		};
/* End PBXGroup section */

/* Begin PBXNativeTarget section */
		4C70D38E1E0482B000683F4F /* AudioPlayer */ = {
			isa = PBXNativeTarget;
			buildConfigurationList = 4C70D3BA1E0482B100683F4F /* Build configuration list for PBXNativeTarget "AudioPlayer" */;
			buildPhases = (
				4C70D38B1E0482B000683F4F /* Sources */,
				4C70D38C1E0482B000683F4F /* Frameworks */,
				4C70D38D1E0482B000683F4F /* Resources */,
			);
			buildRules = (
			);
			dependencies = (
			);
			name = AudioPlayer;
			productName = AudioPlayer;
			productReference = 4C70D38F1E0482B000683F4F /* AudioPlayer.app */;
			productType = "com.apple.product-type.application";
		};
		4C70D3A51E0482B100683F4F /* AudioPlayerTests */ = {
			isa = PBXNativeTarget;
			buildConfigurationList = 4C70D3BD1E0482B100683F4F /* Build configuration list for PBXNativeTarget "AudioPlayerTests" */;
			buildPhases = (
				4C70D3A21E0482B100683F4F /* Sources */,
				4C70D3A31E0482B100683F4F /* Frameworks */,
				4C70D3A41E0482B100683F4F /* Resources */,
			);
			buildRules = (
			);
			dependencies = (
				4C70D3A81E0482B100683F4F /* PBXTargetDependency */,
			);
			name = AudioPlayerTests;
			productName = AudioPlayerTests;
			productReference = 4C70D3A61E0482B100683F4F /* AudioPlayerTests.xctest */;
			productType = "com.apple.product-type.bundle.unit-test";
		};
		4C70D3B01E0482B100683F4F /* AudioPlayerUITests */ = {
			isa = PBXNativeTarget;
			buildConfigurationList = 4C70D3C01E0482B100683F4F /* Build configuration list for PBXNativeTarget "AudioPlayerUITests" */;
			buildPhases = (
				4C70D3AD1E0482B100683F4F /* Sources */,
				4C70D3AE1E0482B100683F4F /* Frameworks */,
				4C70D3AF1E0482B100683F4F /* Resources */,
			);
			buildRules = (
			);
			dependencies = (
				4C70D3B31E0482B100683F4F /* PBXTargetDependency */,
			);
			name = AudioPlayerUITests;
			productName = AudioPlayerUITests;
			productReference = 4C70D3B11E0482B100683F4F /* AudioPlayerUITests.xctest */;
			productType = "com.apple.product-type.bundle.ui-testing";
		};
/* End PBXNativeTarget section */

/* Begin PBXProject section */
		4C70D3871E0482B000683F4F /* Project object */ = {
			isa = PBXProject;
			attributes = {
				LastSwiftUpdateCheck = 0810;
				LastUpgradeCheck = 0810;
				ORGANIZATIONNAME = "Emily Kolar";
				TargetAttributes = {
					4C70D38E1E0482B000683F4F = {
						CreatedOnToolsVersion = 8.1;
						DevelopmentTeam = 8GE53Y8KX2;
						ProvisioningStyle = Automatic;
					};
					4C70D3A51E0482B100683F4F = {
						CreatedOnToolsVersion = 8.1;
						DevelopmentTeam = B9452FEMTF;
						ProvisioningStyle = Automatic;
						TestTargetID = 4C70D38E1E0482B000683F4F;
					};
					4C70D3B01E0482B100683F4F = {
						CreatedOnToolsVersion = 8.1;
						DevelopmentTeam = B9452FEMTF;
						ProvisioningStyle = Automatic;
						TestTargetID = 4C70D38E1E0482B000683F4F;
					};
				};
			};
			buildConfigurationList = 4C70D38A1E0482B000683F4F /* Build configuration list for PBXProject "AudioPlayer" */;
			compatibilityVersion = "Xcode 3.2";
			developmentRegion = English;
			hasScannedForEncodings = 0;
			knownRegions = (
				en,
				Base,
			);
			mainGroup = 4C70D3861E0482B000683F4F;
			productRefGroup = 4C70D3901E0482B000683F4F /* Products */;
			projectDirPath = "";
			projectRoot = "";
			targets = (
				4C70D38E1E0482B000683F4F /* AudioPlayer */,
				4C70D3A51E0482B100683F4F /* AudioPlayerTests */,
				4C70D3B01E0482B100683F4F /* AudioPlayerUITests */,
			);
		};
/* End PBXProject section */

/* Begin PBXResourcesBuildPhase section */
		4C70D38D1E0482B000683F4F /* Resources */ = {
			isa = PBXResourcesBuildPhase;
			buildActionMask = 2147483647;
			files = (
				4C0E83771E283C430082DFD3 /* JeffersonAirplane-WhiteRabbit.m4a in Resources */,
				4C0E837F1E283C6D0082DFD3 /* OfMonstersAndMen-LittleTalks.m4a in Resources */,
				4C0E83831E283C8A0082DFD3 /* RyanLevine-ThroughTheTrees.m4a in Resources */,
				4C0E83851E283C920082DFD3 /* SnowPatrol-ThisIsntEverythingYouAre.m4a in Resources */,
				4C0E83671E283BBD0082DFD3 /* BrandNew-NobodyMoves.mp3 in Resources */,
				4C0E836B1E283C040082DFD3 /* CoconutRecords-WestCoast.m4a in Resources */,
				4C0E838B1E283CBD0082DFD3 /* WalkTheMoon-AnnaSun.m4a in Resources */,
				4C0E838D1E283CC60082DFD3 /* YeahYeahYeahs-Phenomena.m4a in Resources */,
				4C0E83751E283C370082DFD3 /* ImagineDragons-Radioactive.m4a in Resources */,
				4C0E83891E283CB40082DFD3 /* VitaminStringQuartet-HeySoulSister.m4a in Resources */,
				4C0E836F1E283C1D0082DFD3 /* FleetFoxes-BatteryKinzie.m4a in Resources */,
				4C0E837B1E283C560082DFD3 /* M83-MidnightCity.m4a in Resources */,
				4C70D3A01E0482B000683F4F /* LaunchScreen.storyboard in Resources */,
				4C0E83691E283BEB0082DFD3 /* DeathCabForCutie-TitleAndRegistration.m4a in Resources */,
				4C0E837D1E283C640082DFD3 /* NineInchNails-Ruiner.m4a in Resources */,
				4C0E83731E283C2F0082DFD3 /* HuskyRescue-NewLightOfTomorrow.m4a in Resources */,
				4C0E83711E283C260082DFD3 /* GeorgeBarnett-AnimalKeeper.m4a in Resources */,
				4C70D39D1E0482B000683F4F /* Assets.xcassets in Resources */,
				4C0E83811E283C800082DFD3 /* Pendulum-PropaneNightmares.m4a in Resources */,
				4C70D3981E0482B000683F4F /* Main.storyboard in Resources */,
				4C0E83641E283B740082DFD3 /* ArcadeFire-WeUsedToWait.m4a in Resources */,
				4C0E83791E283C4F0082DFD3 /* LedZeppelin-DazedAndConfused.m4a in Resources */,
				4C0E83871E283C9A0082DFD3 /* TakingBackSunday-YouAreSoLastSummer.m4a in Resources */,
				4C0E836D1E283C130082DFD3 /* EmpireOfTheSun-WalkingOnADream.m4a in Resources */,
			);
			runOnlyForDeploymentPostprocessing = 0;
		};
		4C70D3A41E0482B100683F4F /* Resources */ = {
			isa = PBXResourcesBuildPhase;
			buildActionMask = 2147483647;
			files = (
			);
			runOnlyForDeploymentPostprocessing = 0;
		};
		4C70D3AF1E0482B100683F4F /* Resources */ = {
			isa = PBXResourcesBuildPhase;
			buildActionMask = 2147483647;
			files = (
			);
			runOnlyForDeploymentPostprocessing = 0;
		};
/* End PBXResourcesBuildPhase section */

/* Begin PBXSourcesBuildPhase section */
		4C70D38B1E0482B000683F4F /* Sources */ = {
			isa = PBXSourcesBuildPhase;
			buildActionMask = 2147483647;
			files = (
				4C70D3CE1E048E0900683F4F /* Song.swift in Sources */,
				4C70D3D31E048EA500683F4F /* SearchBarView.swift in Sources */,
				4C70D3D51E04963700683F4F /* ActivityItemView.swift in Sources */,
				4C70D3D01E048E2A00683F4F /* ActivityItem.swift in Sources */,
				4C70D3951E0482B000683F4F /* ViewController.swift in Sources */,
				4C70D3CA1E048DD200683F4F /* ActivityViewController.swift in Sources */,
				4C597F601E300A1C0014AF96 /* AudioManager.swift in Sources */,
				4C70D3C81E048DC800683F4F /* LibraryViewController.swift in Sources */,
				4C70D39B1E0482B000683F4F /* AudioPlayer.xcdatamodeld in Sources */,
				4C70D3C61E048D9D00683F4F /* SearchViewController.swift in Sources */,
				02565CF51E28476E004F10A5 /* PlayerViewController.swift in Sources */,
				4C70D3931E0482B000683F4F /* AppDelegate.swift in Sources */,
			);
			runOnlyForDeploymentPostprocessing = 0;
		};
		4C70D3A21E0482B100683F4F /* Sources */ = {
			isa = PBXSourcesBuildPhase;
			buildActionMask = 2147483647;
			files = (
				4C70D3AB1E0482B100683F4F /* AudioPlayerTests.swift in Sources */,
			);
			runOnlyForDeploymentPostprocessing = 0;
		};
		4C70D3AD1E0482B100683F4F /* Sources */ = {
			isa = PBXSourcesBuildPhase;
			buildActionMask = 2147483647;
			files = (
				4C70D3B61E0482B100683F4F /* AudioPlayerUITests.swift in Sources */,
			);
			runOnlyForDeploymentPostprocessing = 0;
		};
/* End PBXSourcesBuildPhase section */

/* Begin PBXTargetDependency section */
		4C70D3A81E0482B100683F4F /* PBXTargetDependency */ = {
			isa = PBXTargetDependency;
			target = 4C70D38E1E0482B000683F4F /* AudioPlayer */;
			targetProxy = 4C70D3A71E0482B100683F4F /* PBXContainerItemProxy */;
		};
		4C70D3B31E0482B100683F4F /* PBXTargetDependency */ = {
			isa = PBXTargetDependency;
			target = 4C70D38E1E0482B000683F4F /* AudioPlayer */;
			targetProxy = 4C70D3B21E0482B100683F4F /* PBXContainerItemProxy */;
		};
/* End PBXTargetDependency section */

/* Begin PBXVariantGroup section */
		4C70D3961E0482B000683F4F /* Main.storyboard */ = {
			isa = PBXVariantGroup;
			children = (
				4C70D3971E0482B000683F4F /* Base */,
			);
			name = Main.storyboard;
			sourceTree = "<group>";
		};
		4C70D39E1E0482B000683F4F /* LaunchScreen.storyboard */ = {
			isa = PBXVariantGroup;
			children = (
				4C70D39F1E0482B000683F4F /* Base */,
			);
			name = LaunchScreen.storyboard;
			sourceTree = "<group>";
		};
/* End PBXVariantGroup section */

/* Begin XCBuildConfiguration section */
		4C70D3B81E0482B100683F4F /* Debug */ = {
			isa = XCBuildConfiguration;
			buildSettings = {
				ALWAYS_SEARCH_USER_PATHS = NO;
				CLANG_ANALYZER_NONNULL = YES;
				CLANG_CXX_LANGUAGE_STANDARD = "gnu++0x";
				CLANG_CXX_LIBRARY = "libc++";
				CLANG_ENABLE_MODULES = YES;
				CLANG_ENABLE_OBJC_ARC = YES;
				CLANG_WARN_BOOL_CONVERSION = YES;
				CLANG_WARN_CONSTANT_CONVERSION = YES;
				CLANG_WARN_DIRECT_OBJC_ISA_USAGE = YES_ERROR;
				CLANG_WARN_DOCUMENTATION_COMMENTS = YES;
				CLANG_WARN_EMPTY_BODY = YES;
				CLANG_WARN_ENUM_CONVERSION = YES;
				CLANG_WARN_INFINITE_RECURSION = YES;
				CLANG_WARN_INT_CONVERSION = YES;
				CLANG_WARN_OBJC_ROOT_CLASS = YES_ERROR;
				CLANG_WARN_SUSPICIOUS_MOVES = YES;
				CLANG_WARN_UNREACHABLE_CODE = YES;
				CLANG_WARN__DUPLICATE_METHOD_MATCH = YES;
				"CODE_SIGN_IDENTITY[sdk=iphoneos*]" = "iPhone Developer";
				COPY_PHASE_STRIP = NO;
				DEBUG_INFORMATION_FORMAT = dwarf;
				ENABLE_STRICT_OBJC_MSGSEND = YES;
				ENABLE_TESTABILITY = YES;
				GCC_C_LANGUAGE_STANDARD = gnu99;
				GCC_DYNAMIC_NO_PIC = NO;
				GCC_NO_COMMON_BLOCKS = YES;
				GCC_OPTIMIZATION_LEVEL = 0;
				GCC_PREPROCESSOR_DEFINITIONS = (
					"DEBUG=1",
					"$(inherited)",
				);
				GCC_WARN_64_TO_32_BIT_CONVERSION = YES;
				GCC_WARN_ABOUT_RETURN_TYPE = YES_ERROR;
				GCC_WARN_UNDECLARED_SELECTOR = YES;
				GCC_WARN_UNINITIALIZED_AUTOS = YES_AGGRESSIVE;
				GCC_WARN_UNUSED_FUNCTION = YES;
				GCC_WARN_UNUSED_VARIABLE = YES;
				IPHONEOS_DEPLOYMENT_TARGET = 10.1;
				MTL_ENABLE_DEBUG_INFO = YES;
				ONLY_ACTIVE_ARCH = YES;
				SDKROOT = iphoneos;
				SWIFT_ACTIVE_COMPILATION_CONDITIONS = DEBUG;
				SWIFT_OPTIMIZATION_LEVEL = "-Onone";
				TARGETED_DEVICE_FAMILY = "1,2";
			};
			name = Debug;
		};
		4C70D3B91E0482B100683F4F /* Release */ = {
			isa = XCBuildConfiguration;
			buildSettings = {
				ALWAYS_SEARCH_USER_PATHS = NO;
				CLANG_ANALYZER_NONNULL = YES;
				CLANG_CXX_LANGUAGE_STANDARD = "gnu++0x";
				CLANG_CXX_LIBRARY = "libc++";
				CLANG_ENABLE_MODULES = YES;
				CLANG_ENABLE_OBJC_ARC = YES;
				CLANG_WARN_BOOL_CONVERSION = YES;
				CLANG_WARN_CONSTANT_CONVERSION = YES;
				CLANG_WARN_DIRECT_OBJC_ISA_USAGE = YES_ERROR;
				CLANG_WARN_DOCUMENTATION_COMMENTS = YES;
				CLANG_WARN_EMPTY_BODY = YES;
				CLANG_WARN_ENUM_CONVERSION = YES;
				CLANG_WARN_INFINITE_RECURSION = YES;
				CLANG_WARN_INT_CONVERSION = YES;
				CLANG_WARN_OBJC_ROOT_CLASS = YES_ERROR;
				CLANG_WARN_SUSPICIOUS_MOVES = YES;
				CLANG_WARN_UNREACHABLE_CODE = YES;
				CLANG_WARN__DUPLICATE_METHOD_MATCH = YES;
				"CODE_SIGN_IDENTITY[sdk=iphoneos*]" = "iPhone Developer";
				COPY_PHASE_STRIP = NO;
				DEBUG_INFORMATION_FORMAT = "dwarf-with-dsym";
				ENABLE_NS_ASSERTIONS = NO;
				ENABLE_STRICT_OBJC_MSGSEND = YES;
				GCC_C_LANGUAGE_STANDARD = gnu99;
				GCC_NO_COMMON_BLOCKS = YES;
				GCC_WARN_64_TO_32_BIT_CONVERSION = YES;
				GCC_WARN_ABOUT_RETURN_TYPE = YES_ERROR;
				GCC_WARN_UNDECLARED_SELECTOR = YES;
				GCC_WARN_UNINITIALIZED_AUTOS = YES_AGGRESSIVE;
				GCC_WARN_UNUSED_FUNCTION = YES;
				GCC_WARN_UNUSED_VARIABLE = YES;
				IPHONEOS_DEPLOYMENT_TARGET = 10.1;
				MTL_ENABLE_DEBUG_INFO = NO;
				SDKROOT = iphoneos;
				SWIFT_OPTIMIZATION_LEVEL = "-Owholemodule";
				TARGETED_DEVICE_FAMILY = "1,2";
				VALIDATE_PRODUCT = YES;
			};
			name = Release;
		};
		4C70D3BB1E0482B100683F4F /* Debug */ = {
			isa = XCBuildConfiguration;
			buildSettings = {
				ASSETCATALOG_COMPILER_APPICON_NAME = AppIcon;
				DEVELOPMENT_TEAM = 8GE53Y8KX2;
				INFOPLIST_FILE = AudioPlayer/Info.plist;
				LD_RUNPATH_SEARCH_PATHS = "$(inherited) @executable_path/Frameworks";
				PRODUCT_BUNDLE_IDENTIFIER = com.emilykolar.AudioPlayer;
				PRODUCT_NAME = "$(TARGET_NAME)";
				SWIFT_VERSION = 3.0;
			};
			name = Debug;
		};
		4C70D3BC1E0482B100683F4F /* Release */ = {
			isa = XCBuildConfiguration;
			buildSettings = {
				ASSETCATALOG_COMPILER_APPICON_NAME = AppIcon;
				DEVELOPMENT_TEAM = 8GE53Y8KX2;
				INFOPLIST_FILE = AudioPlayer/Info.plist;
				LD_RUNPATH_SEARCH_PATHS = "$(inherited) @executable_path/Frameworks";
				PRODUCT_BUNDLE_IDENTIFIER = com.emilykolar.AudioPlayer;
				PRODUCT_NAME = "$(TARGET_NAME)";
				SWIFT_VERSION = 3.0;
			};
			name = Release;
		};
		4C70D3BE1E0482B100683F4F /* Debug */ = {
			isa = XCBuildConfiguration;
			buildSettings = {
				ALWAYS_EMBED_SWIFT_STANDARD_LIBRARIES = YES;
				BUNDLE_LOADER = "$(TEST_HOST)";
				DEVELOPMENT_TEAM = B9452FEMTF;
				INFOPLIST_FILE = AudioPlayerTests/Info.plist;
				LD_RUNPATH_SEARCH_PATHS = "$(inherited) @executable_path/Frameworks @loader_path/Frameworks";
				PRODUCT_BUNDLE_IDENTIFIER = com.emilykolar.AudioPlayerTests;
				PRODUCT_NAME = "$(TARGET_NAME)";
				SWIFT_VERSION = 3.0;
				TEST_HOST = "$(BUILT_PRODUCTS_DIR)/AudioPlayer.app/AudioPlayer";
			};
			name = Debug;
		};
		4C70D3BF1E0482B100683F4F /* Release */ = {
			isa = XCBuildConfiguration;
			buildSettings = {
				ALWAYS_EMBED_SWIFT_STANDARD_LIBRARIES = YES;
				BUNDLE_LOADER = "$(TEST_HOST)";
				DEVELOPMENT_TEAM = B9452FEMTF;
				INFOPLIST_FILE = AudioPlayerTests/Info.plist;
				LD_RUNPATH_SEARCH_PATHS = "$(inherited) @executable_path/Frameworks @loader_path/Frameworks";
				PRODUCT_BUNDLE_IDENTIFIER = com.emilykolar.AudioPlayerTests;
				PRODUCT_NAME = "$(TARGET_NAME)";
				SWIFT_VERSION = 3.0;
				TEST_HOST = "$(BUILT_PRODUCTS_DIR)/AudioPlayer.app/AudioPlayer";
			};
			name = Release;
		};
		4C70D3C11E0482B100683F4F /* Debug */ = {
			isa = XCBuildConfiguration;
			buildSettings = {
				ALWAYS_EMBED_SWIFT_STANDARD_LIBRARIES = YES;
				DEVELOPMENT_TEAM = B9452FEMTF;
				INFOPLIST_FILE = AudioPlayerUITests/Info.plist;
				LD_RUNPATH_SEARCH_PATHS = "$(inherited) @executable_path/Frameworks @loader_path/Frameworks";
				PRODUCT_BUNDLE_IDENTIFIER = com.emilykolar.AudioPlayerUITests;
				PRODUCT_NAME = "$(TARGET_NAME)";
				SWIFT_VERSION = 3.0;
				TEST_TARGET_NAME = AudioPlayer;
			};
			name = Debug;
		};
		4C70D3C21E0482B100683F4F /* Release */ = {
			isa = XCBuildConfiguration;
			buildSettings = {
				ALWAYS_EMBED_SWIFT_STANDARD_LIBRARIES = YES;
				DEVELOPMENT_TEAM = B9452FEMTF;
				INFOPLIST_FILE = AudioPlayerUITests/Info.plist;
				LD_RUNPATH_SEARCH_PATHS = "$(inherited) @executable_path/Frameworks @loader_path/Frameworks";
				PRODUCT_BUNDLE_IDENTIFIER = com.emilykolar.AudioPlayerUITests;
				PRODUCT_NAME = "$(TARGET_NAME)";
				SWIFT_VERSION = 3.0;
				TEST_TARGET_NAME = AudioPlayer;
			};
			name = Release;
		};
/* End XCBuildConfiguration section */

/* Begin XCConfigurationList section */
		4C70D38A1E0482B000683F4F /* Build configuration list for PBXProject "AudioPlayer" */ = {
			isa = XCConfigurationList;
			buildConfigurations = (
				4C70D3B81E0482B100683F4F /* Debug */,
				4C70D3B91E0482B100683F4F /* Release */,
			);
			defaultConfigurationIsVisible = 0;
			defaultConfigurationName = Release;
		};
		4C70D3BA1E0482B100683F4F /* Build configuration list for PBXNativeTarget "AudioPlayer" */ = {
			isa = XCConfigurationList;
			buildConfigurations = (
				4C70D3BB1E0482B100683F4F /* Debug */,
				4C70D3BC1E0482B100683F4F /* Release */,
			);
			defaultConfigurationIsVisible = 0;
			defaultConfigurationName = Release;
		};
		4C70D3BD1E0482B100683F4F /* Build configuration list for PBXNativeTarget "AudioPlayerTests" */ = {
			isa = XCConfigurationList;
			buildConfigurations = (
				4C70D3BE1E0482B100683F4F /* Debug */,
				4C70D3BF1E0482B100683F4F /* Release */,
			);
			defaultConfigurationIsVisible = 0;
			defaultConfigurationName = Release;
		};
		4C70D3C01E0482B100683F4F /* Build configuration list for PBXNativeTarget "AudioPlayerUITests" */ = {
			isa = XCConfigurationList;
			buildConfigurations = (
				4C70D3C11E0482B100683F4F /* Debug */,
				4C70D3C21E0482B100683F4F /* Release */,
			);
			defaultConfigurationIsVisible = 0;
			defaultConfigurationName = Release;
		};
/* End XCConfigurationList section */

/* Begin XCVersionGroup section */
		4C70D3991E0482B000683F4F /* AudioPlayer.xcdatamodeld */ = {
			isa = XCVersionGroup;
			children = (
				4C70D39A1E0482B000683F4F /* AudioPlayer.xcdatamodel */,
			);
			currentVersion = 4C70D39A1E0482B000683F4F /* AudioPlayer.xcdatamodel */;
			path = AudioPlayer.xcdatamodeld;
			sourceTree = "<group>";
			versionGroupType = wrapper.xcdatamodel;
		};
/* End XCVersionGroup section */
	};
	rootObject = 4C70D3871E0482B000683F4F /* Project object */;
}
